
Microsoft Visual Studio Solution File, Format Version 12.00
# Visual Studio Version 16
VisualStudioVersion = 16.0.30503.244
MinimumVisualStudioVersion = 10.0.40219.1
Project("{FAE04EC0-301F-11D3-BF4B-00C04F79EFBC}") = "Lifting Buddy Test.Android", "Lifting Buddy Test\Lifting Buddy Test.Android\Lifting Buddy Test.Android.csproj", "{02040BEB-7786-4F7F-AD42-84B118C7E0E9}"
EndProject
Project("{FAE04EC0-301F-11D3-BF4B-00C04F79EFBC}") = "Lifting Buddy Test.iOS", "Lifting Buddy Test\Lifting Buddy Test.iOS\Lifting Buddy Test.iOS.csproj", "{17B1C01C-0EA6-4517-88D9-A113ACC66609}"
EndProject
Project("{9A19103F-16F7-4668-BE54-9A1E7A4F7556}") = "Lifting Buddy Test", "Lifting Buddy Test\Lifting Buddy Test\Lifting Buddy Test.csproj", "{224332FE-B15A-400C-8E22-9DF32331B3B5}"
EndProject
Global
	GlobalSection(SolutionConfigurationPlatforms) = preSolution
		Debug|Any CPU = Debug|Any CPU
		Debug|iPhone = Debug|iPhone
		Debug|iPhoneSimulator = Debug|iPhoneSimulator
		Release|Any CPU = Release|Any CPU
		Release|iPhone = Release|iPhone
		Release|iPhoneSimulator = Release|iPhoneSimulator
	EndGlobalSection
	GlobalSection(ProjectConfigurationPlatforms) = postSolution
		{02040BEB-7786-4F7F-AD42-84B118C7E0E9}.Debug|Any CPU.ActiveCfg = Debug|Any CPU
		{02040BEB-7786-4F7F-AD42-84B118C7E0E9}.Debug|Any CPU.Build.0 = Debug|Any CPU
		{02040BEB-7786-4F7F-AD42-84B118C7E0E9}.Debug|Any CPU.Deploy.0 = Debug|Any CPU
		{02040BEB-7786-4F7F-AD42-84B118C7E0E9}.Debug|iPhone.ActiveCfg = Debug|Any CPU
		{02040BEB-7786-4F7F-AD42-84B118C7E0E9}.Debug|iPhone.Build.0 = Debug|Any CPU
		{02040BEB-7786-4F7F-AD42-84B118C7E0E9}.Debug|iPhone.Deploy.0 = Debug|Any CPU
		{02040BEB-7786-4F7F-AD42-84B118C7E0E9}.Debug|iPhoneSimulator.ActiveCfg = Debug|Any CPU
		{02040BEB-7786-4F7F-AD42-84B118C7E0E9}.Debug|iPhoneSimulator.Build.0 = Debug|Any CPU
		{02040BEB-7786-4F7F-AD42-84B118C7E0E9}.Debug|iPhoneSimulator.Deploy.0 = Debug|Any CPU
		{02040BEB-7786-4F7F-AD42-84B118C7E0E9}.Release|Any CPU.ActiveCfg = Release|Any CPU
		{02040BEB-7786-4F7F-AD42-84B118C7E0E9}.Release|Any CPU.Build.0 = Release|Any CPU
		{02040BEB-7786-4F7F-AD42-84B118C7E0E9}.Release|Any CPU.Deploy.0 = Release|Any CPU
		{02040BEB-7786-4F7F-AD42-84B118C7E0E9}.Release|iPhone.ActiveCfg = Release|Any CPU
		{02040BEB-7786-4F7F-AD42-84B118C7E0E9}.Release|iPhone.Build.0 = Release|Any CPU
		{02040BEB-7786-4F7F-AD42-84B118C7E0E9}.Release|iPhone.Deploy.0 = Release|Any CPU
		{02040BEB-7786-4F7F-AD42-84B118C7E0E9}.Release|iPhoneSimulator.ActiveCfg = Release|Any CPU
		{02040BEB-7786-4F7F-AD42-84B118C7E0E9}.Release|iPhoneSimulator.Build.0 = Release|Any CPU
		{02040BEB-7786-4F7F-AD42-84B118C7E0E9}.Release|iPhoneSimulator.Deploy.0 = Release|Any CPU
		{17B1C01C-0EA6-4517-88D9-A113ACC66609}.Debug|Any CPU.ActiveCfg = Debug|iPhone
		{17B1C01C-0EA6-4517-88D9-A113ACC66609}.Debug|Any CPU.Build.0 = Debug|iPhone
		{17B1C01C-0EA6-4517-88D9-A113ACC66609}.Debug|Any CPU.Deploy.0 = Debug|iPhone
		{17B1C01C-0EA6-4517-88D9-A113ACC66609}.Debug|iPhone.ActiveCfg = Debug|iPhone
		{17B1C01C-0EA6-4517-88D9-A113ACC66609}.Debug|iPhone.Build.0 = Debug|iPhone
		{17B1C01C-0EA6-4517-88D9-A113ACC66609}.Debug|iPhone.Deploy.0 = Debug|iPhone
		{17B1C01C-0EA6-4517-88D9-A113ACC66609}.Debug|iPhoneSimulator.ActiveCfg = Debug|iPhoneSimulator
		{17B1C01C-0EA6-4517-88D9-A113ACC66609}.Debug|iPhoneSimulator.Build.0 = Debug|iPhoneSimulator
		{17B1C01C-0EA6-4517-88D9-A113ACC66609}.Debug|iPhoneSimulator.Deploy.0 = Debug|iPhoneSimulator
		{17B1C01C-0EA6-4517-88D9-A113ACC66609}.Release|Any CPU.ActiveCfg = Release|iPhoneSimulator
		{17B1C01C-0EA6-4517-88D9-A113ACC66609}.Release|Any CPU.Build.0 = Release|iPhoneSimulator
		{17B1C01C-0EA6-4517-88D9-A113ACC66609}.Release|Any CPU.Deploy.0 = Release|iPhoneSimulator
		{17B1C01C-0EA6-4517-88D9-A113ACC66609}.Release|iPhone.ActiveCfg = Release|iPhone
		{17B1C01C-0EA6-4517-88D9-A113ACC66609}.Release|iPhone.Build.0 = Release|iPhone
		{17B1C01C-0EA6-4517-88D9-A113ACC66609}.Release|iPhone.Deploy.0 = Release|iPhone
		{17B1C01C-0EA6-4517-88D9-A113ACC66609}.Release|iPhoneSimulator.ActiveCfg = Release|iPhoneSimulator
		{17B1C01C-0EA6-4517-88D9-A113ACC66609}.Release|iPhoneSimulator.Build.0 = Release|iPhoneSimulator
		{17B1C01C-0EA6-4517-88D9-A113ACC66609}.Release|iPhoneSimulator.Deploy.0 = Release|iPhoneSimulator
		{224332FE-B15A-400C-8E22-9DF32331B3B5}.Debug|Any CPU.ActiveCfg = Debug|Any CPU
		{224332FE-B15A-400C-8E22-9DF32331B3B5}.Debug|Any CPU.Build.0 = Debug|Any CPU
		{224332FE-B15A-400C-8E22-9DF32331B3B5}.Debug|Any CPU.Deploy.0 = Debug|Any CPU
		{224332FE-B15A-400C-8E22-9DF32331B3B5}.Debug|iPhone.ActiveCfg = Debug|Any CPU
		{224332FE-B15A-400C-8E22-9DF32331B3B5}.Debug|iPhone.Build.0 = Debug|Any CPU
		{224332FE-B15A-400C-8E22-9DF32331B3B5}.Debug|iPhone.Deploy.0 = Debug|Any CPU
		{224332FE-B15A-400C-8E22-9DF32331B3B5}.Debug|iPhoneSimulator.ActiveCfg = Debug|Any CPU
		{224332FE-B15A-400C-8E22-9DF32331B3B5}.Debug|iPhoneSimulator.Build.0 = Debug|Any CPU
		{224332FE-B15A-400C-8E22-9DF32331B3B5}.Debug|iPhoneSimulator.Deploy.0 = Debug|Any CPU
		{224332FE-B15A-400C-8E22-9DF32331B3B5}.Release|Any CPU.ActiveCfg = Release|Any CPU
		{224332FE-B15A-400C-8E22-9DF32331B3B5}.Release|Any CPU.Build.0 = Release|Any CPU
		{224332FE-B15A-400C-8E22-9DF32331B3B5}.Release|Any CPU.Deploy.0 = Release|Any CPU
		{224332FE-B15A-400C-8E22-9DF32331B3B5}.Release|iPhone.ActiveCfg = Release|Any CPU
		{224332FE-B15A-400C-8E22-9DF32331B3B5}.Release|iPhone.Build.0 = Release|Any CPU
		{224332FE-B15A-400C-8E22-9DF32331B3B5}.Release|iPhone.Deploy.0 = Release|Any CPU
		{224332FE-B15A-400C-8E22-9DF32331B3B5}.Release|iPhoneSimulator.ActiveCfg = Release|Any CPU
		{224332FE-B15A-400C-8E22-9DF32331B3B5}.Release|iPhoneSimulator.Build.0 = Release|Any CPU
		{224332FE-B15A-400C-8E22-9DF32331B3B5}.Release|iPhoneSimulator.Deploy.0 = Release|Any CPU
	EndGlobalSection
	GlobalSection(SolutionProperties) = preSolution
		HideSolutionNode = FALSE
	EndGlobalSection
	GlobalSection(ExtensibilityGlobals) = postSolution
		SolutionGuid = {89D01E6F-E814-4B26-9198-F7EEA200F96C}
	EndGlobalSection
EndGlobal
